// !$*UTF8*$!
{
	archiveVersion = 1;
	classes = {
	};
	objectVersion = 46;
	objects = {

/* Begin PBXBuildFile section */
		6A0C8AA81317D4780036F9A1 /* flower.jpg in Resources */ = {isa = PBXBuildFile; fileRef = 6A0C8AA71317D4780036F9A1 /* flower.jpg */; };
		6A38658E13179801008B6B20 /* NSNumber+PXSupport.m in Sources */ = {isa = PBXBuildFile; fileRef = 6A38657F131797FE008B6B20 /* NSNumber+PXSupport.m */; };
		6A38658F13179801008B6B20 /* NSObject+PXSupport.m in Sources */ = {isa = PBXBuildFile; fileRef = 6A386581131797FE008B6B20 /* NSObject+PXSupport.m */; };
		6A38659013179801008B6B20 /* NSString+PXUtilities.m in Sources */ = {isa = PBXBuildFile; fileRef = 6A386583131797FE008B6B20 /* NSString+PXUtilities.m */; };
		6A38659113179801008B6B20 /* NSValue+PXSupport.m in Sources */ = {isa = PBXBuildFile; fileRef = 6A386585131797FE008B6B20 /* NSValue+PXSupport.m */; };
		6A38659213179801008B6B20 /* PXBlock+Builder.m in Sources */ = {isa = PBXBuildFile; fileRef = 6A386587131797FF008B6B20 /* PXBlock+Builder.m */; };
		6A38659313179801008B6B20 /* PXBlock+Bytecode.m in Sources */ = {isa = PBXBuildFile; fileRef = 6A386589131797FF008B6B20 /* PXBlock+Bytecode.m */; };
		6A38659413179801008B6B20 /* PXBlock+PXSupport.m in Sources */ = {isa = PBXBuildFile; fileRef = 6A38658B131797FF008B6B20 /* PXBlock+PXSupport.m */; };
		6A38659513179801008B6B20 /* PXLexer.m in Sources */ = {isa = PBXBuildFile; fileRef = 6A38658D13179800008B6B20 /* PXLexer.m */; };
		6A3865A31317B7BC008B6B20 /* Examples in Resources */ = {isa = PBXBuildFile; fileRef = 6A3865A21317B7BB008B6B20 /* Examples */; };
		6A3A78E312FDE1650016D6AD /* UIKit.framework in Frameworks */ = {isa = PBXBuildFile; fileRef = 6A3A78E212FDE1650016D6AD /* UIKit.framework */; };
		6A3A78E512FDE1650016D6AD /* Foundation.framework in Frameworks */ = {isa = PBXBuildFile; fileRef = 6A3A78E412FDE1650016D6AD /* Foundation.framework */; };
		6A3A78E712FDE1650016D6AD /* CoreGraphics.framework in Frameworks */ = {isa = PBXBuildFile; fileRef = 6A3A78E612FDE1650016D6AD /* CoreGraphics.framework */; };
		6A3A78F012FDE1650016D6AD /* main.m in Sources */ = {isa = PBXBuildFile; fileRef = 6A3A78EF12FDE1650016D6AD /* main.m */; };
		6A3A78F312FDE1650016D6AD /* PXAppDelegate.m in Sources */ = {isa = PBXBuildFile; fileRef = 6A3A78F212FDE1650016D6AD /* PXAppDelegate.m */; };
		6A3A790612FDE1650016D6AD /* UIKit.framework in Frameworks */ = {isa = PBXBuildFile; fileRef = 6A3A78E212FDE1650016D6AD /* UIKit.framework */; };
		6A3A790712FDE1650016D6AD /* Foundation.framework in Frameworks */ = {isa = PBXBuildFile; fileRef = 6A3A78E412FDE1650016D6AD /* Foundation.framework */; };
		6A3A790812FDE1650016D6AD /* CoreGraphics.framework in Frameworks */ = {isa = PBXBuildFile; fileRef = 6A3A78E612FDE1650016D6AD /* CoreGraphics.framework */; };
		6A3A791012FDE1650016D6AD /* InfoPlist.strings in Resources */ = {isa = PBXBuildFile; fileRef = 6A3A790E12FDE1650016D6AD /* InfoPlist.strings */; };
		6A3A791312FDE1650016D6AD /* ProlixityTests.h in Resources */ = {isa = PBXBuildFile; fileRef = 6A3A791212FDE1650016D6AD /* ProlixityTests.h */; };
		6A3A791512FDE1650016D6AD /* ProlixityTests.m in Sources */ = {isa = PBXBuildFile; fileRef = 6A3A791412FDE1650016D6AD /* ProlixityTests.m */; };
		6A5432DE12FDEF950084C7D0 /* Foundation.framework in Frameworks */ = {isa = PBXBuildFile; fileRef = 6A3A78E412FDE1650016D6AD /* Foundation.framework */; };
		6A54330212FDF0480084C7D0 /* lexer.cpp in Sources */ = {isa = PBXBuildFile; fileRef = 6A5432F812FDF0200084C7D0 /* lexer.cpp */; };
		6A54330312FDF0480084C7D0 /* lexer.h in Headers */ = {isa = PBXBuildFile; fileRef = 6A5432F912FDF0200084C7D0 /* lexer.h */; };
		6A54330412FDF0480084C7D0 /* parser.cpp in Sources */ = {isa = PBXBuildFile; fileRef = 6A5432FC12FDF0200084C7D0 /* parser.cpp */; settings = {COMPILER_FLAGS = "-Wno-unused-variable"; }; };
		6A54330512FDF0480084C7D0 /* parser.h in Headers */ = {isa = PBXBuildFile; fileRef = 6A5432FD12FDF0200084C7D0 /* parser.h */; };
		6A54330612FDF0480084C7D0 /* ParserBlock.h in Headers */ = {isa = PBXBuildFile; fileRef = 6A5432FE12FDF0200084C7D0 /* ParserBlock.h */; };
		6A54330712FDF0480084C7D0 /* PXParser.cpp in Sources */ = {isa = PBXBuildFile; fileRef = 6A54330012FDF0200084C7D0 /* PXParser.cpp */; };
		6A54330D12FDF2310084C7D0 /* libPXParser-iOS.a in Frameworks */ = {isa = PBXBuildFile; fileRef = 6A5432DD12FDEF950084C7D0 /* libPXParser-iOS.a */; };
		6A57F8D812FEA000009A184A /* PXBlock.m in Sources */ = {isa = PBXBuildFile; fileRef = 6A57F8D512FEA000009A184A /* PXBlock.m */; };
		6A57F8D912FEA000009A184A /* PXLexicon.m in Sources */ = {isa = PBXBuildFile; fileRef = 6A57F8D712FEA000009A184A /* PXLexicon.m */; };
		6A74BC8712FDF32C0019C2ED /* PXParser.h in Headers */ = {isa = PBXBuildFile; fileRef = 6A54330112FDF0200084C7D0 /* PXParser.h */; settings = {ATTRIBUTES = (Public, ); }; };
		6A7CF7DE13444C4E00BE111B /* InfoPlist.strings in Resources */ = {isa = PBXBuildFile; fileRef = 6A7CF7E013444C4E00BE111B /* InfoPlist.strings */; };
		6A7CF7F213444C6600BE111B /* MainWindow_iPad.xib in Resources */ = {isa = PBXBuildFile; fileRef = 6A7CF7E213444C6600BE111B /* MainWindow_iPad.xib */; };
		6A7CF7F313444C6600BE111B /* PXDetailView.xib in Resources */ = {isa = PBXBuildFile; fileRef = 6A7CF7E413444C6600BE111B /* PXDetailView.xib */; };
		6A7CF7F413444C6600BE111B /* PXEvaluationResultViewController.xib in Resources */ = {isa = PBXBuildFile; fileRef = 6A7CF7E613444C6600BE111B /* PXEvaluationResultViewController.xib */; };
		6A7CF7F513444C6600BE111B /* PXAppDelegate_iPad.m in Sources */ = {isa = PBXBuildFile; fileRef = 6A7CF7E913444C6600BE111B /* PXAppDelegate_iPad.m */; };
		6A7CF7F613444C6600BE111B /* PXDetailViewController.m in Sources */ = {isa = PBXBuildFile; fileRef = 6A7CF7EB13444C6600BE111B /* PXDetailViewController.m */; };
		6A7CF7F913444C6600BE111B /* PXRootViewController_iPad.m in Sources */ = {isa = PBXBuildFile; fileRef = 6A7CF7F113444C6600BE111B /* PXRootViewController_iPad.m */; };
		6A7CF7FC13444D7500BE111B /* MainWindow_iPhone.xib in Resources */ = {isa = PBXBuildFile; fileRef = 6A7CF7FB13444D7500BE111B /* MainWindow_iPhone.xib */; };
		6A7CF7FF13444DBC00BE111B /* PXAppDelegate_iPhone.m in Sources */ = {isa = PBXBuildFile; fileRef = 6A7CF7FE13444DBC00BE111B /* PXAppDelegate_iPhone.m */; };
		6A7CF8341344502900BE111B /* PXRootViewController_iPhone.m in Sources */ = {isa = PBXBuildFile; fileRef = 6A7CF8321344502900BE111B /* PXRootViewController_iPhone.m */; };
		6A7CF8351344502900BE111B /* PXRootViewController_iPhone.xib in Resources */ = {isa = PBXBuildFile; fileRef = 6A7CF8331344502900BE111B /* PXRootViewController_iPhone.xib */; };
		6A7CF83E134455E900BE111B /* PXSnippetEditorViewController_iPhone.m in Sources */ = {isa = PBXBuildFile; fileRef = 6A7CF83C134455E800BE111B /* PXSnippetEditorViewController_iPhone.m */; };
		6A7CF83F134455E900BE111B /* PXSnippetEditorViewController_iPhone.xib in Resources */ = {isa = PBXBuildFile; fileRef = 6A7CF83D134455E800BE111B /* PXSnippetEditorViewController_iPhone.xib */; };
		6A7CF8491344602300BE111B /* PXEvaluationResultViewController_iPhone.xib in Resources */ = {isa = PBXBuildFile; fileRef = 6A7CF8481344602300BE111B /* PXEvaluationResultViewController_iPhone.xib */; };
		6A7CF84F1344644A00BE111B /* PXEvaluationCanvasView.m in Sources */ = {isa = PBXBuildFile; fileRef = 6A7CF84C1344644A00BE111B /* PXEvaluationCanvasView.m */; };
		6A7CF8501344644A00BE111B /* PXEvaluationResultViewController.m in Sources */ = {isa = PBXBuildFile; fileRef = 6A7CF84E1344644A00BE111B /* PXEvaluationResultViewController.m */; };
		6A95AD221314B0B200FA6E76 /* Prolixity.png in Resources */ = {isa = PBXBuildFile; fileRef = 6A95AD1F1314B0B200FA6E76 /* Prolixity.png */; };
		6A95AD231314B0B200FA6E76 /* Prolixity72.png in Resources */ = {isa = PBXBuildFile; fileRef = 6A95AD201314B0B200FA6E76 /* Prolixity72.png */; };
		6A95AD241314B0B200FA6E76 /* Prolixty@2x.png in Resources */ = {isa = PBXBuildFile; fileRef = 6A95AD211314B0B200FA6E76 /* Prolixty@2x.png */; };
		6AA3954713174F7F00C034E0 /* PXSnippetManager.m in Sources */ = {isa = PBXBuildFile; fileRef = 6AA3954613174F7F00C034E0 /* PXSnippetManager.m */; };
		6AE091D7131751B90039E5E4 /* NSString+PXSupport.m in Sources */ = {isa = PBXBuildFile; fileRef = 6AE091D4131751B90039E5E4 /* NSString+PXSupport.m */; };
		6AE091D8131751B90039E5E4 /* PXUtilities.m in Sources */ = {isa = PBXBuildFile; fileRef = 6AE091D6131751B90039E5E4 /* PXUtilities.m */; };
		6AE091DC1317571D0039E5E4 /* PXRuntime.m in Sources */ = {isa = PBXBuildFile; fileRef = 6AE091DB1317571D0039E5E4 /* PXRuntime.m */; };
/* End PBXBuildFile section */

/* Begin PBXContainerItemProxy section */
		6A3A790912FDE1650016D6AD /* PBXContainerItemProxy */ = {
			isa = PBXContainerItemProxy;
			containerPortal = 6A3A78D512FDE1650016D6AD /* Project object */;
			proxyType = 1;
			remoteGlobalIDString = 6A3A78DD12FDE1650016D6AD;
			remoteInfo = Prolixity;
		};
		6A54330E12FDF24E0084C7D0 /* PBXContainerItemProxy */ = {
			isa = PBXContainerItemProxy;
			containerPortal = 6A3A78D512FDE1650016D6AD /* Project object */;
			proxyType = 1;
			remoteGlobalIDString = 6A5432DC12FDEF950084C7D0;
			remoteInfo = "PXParser-iOS";
		};
		6ADFF7B81343869F00568AC3 /* PBXContainerItemProxy */ = {
			isa = PBXContainerItemProxy;
			containerPortal = 6A3A78D512FDE1650016D6AD /* Project object */;
			proxyType = 1;
			remoteGlobalIDString = 6ADFF7B31343864D00568AC3;
			remoteInfo = "parser-source";
		};
/* End PBXContainerItemProxy section */

/* Begin PBXFileReference section */
		6A0C8AA71317D4780036F9A1 /* flower.jpg */ = {isa = PBXFileReference; lastKnownFileType = image.jpeg; path = flower.jpg; sourceTree = "<group>"; };
		6A38657E131797FE008B6B20 /* NSNumber+PXSupport.h */ = {isa = PBXFileReference; fileEncoding = 4; lastKnownFileType = sourcecode.c.h; path = "NSNumber+PXSupport.h"; sourceTree = "<group>"; };
		6A38657F131797FE008B6B20 /* NSNumber+PXSupport.m */ = {isa = PBXFileReference; fileEncoding = 4; lastKnownFileType = sourcecode.c.objc; path = "NSNumber+PXSupport.m"; sourceTree = "<group>"; };
		6A386580131797FE008B6B20 /* NSObject+PXSupport.h */ = {isa = PBXFileReference; fileEncoding = 4; lastKnownFileType = sourcecode.c.h; path = "NSObject+PXSupport.h"; sourceTree = "<group>"; };
		6A386581131797FE008B6B20 /* NSObject+PXSupport.m */ = {isa = PBXFileReference; fileEncoding = 4; lastKnownFileType = sourcecode.c.objc; path = "NSObject+PXSupport.m"; sourceTree = "<group>"; };
		6A386582131797FE008B6B20 /* NSString+PXUtilities.h */ = {isa = PBXFileReference; fileEncoding = 4; lastKnownFileType = sourcecode.c.h; path = "NSString+PXUtilities.h"; sourceTree = "<group>"; };
		6A386583131797FE008B6B20 /* NSString+PXUtilities.m */ = {isa = PBXFileReference; fileEncoding = 4; lastKnownFileType = sourcecode.c.objc; path = "NSString+PXUtilities.m"; sourceTree = "<group>"; };
		6A386584131797FE008B6B20 /* NSValue+PXSupport.h */ = {isa = PBXFileReference; fileEncoding = 4; lastKnownFileType = sourcecode.c.h; path = "NSValue+PXSupport.h"; sourceTree = "<group>"; };
		6A386585131797FE008B6B20 /* NSValue+PXSupport.m */ = {isa = PBXFileReference; fileEncoding = 4; lastKnownFileType = sourcecode.c.objc; path = "NSValue+PXSupport.m"; sourceTree = "<group>"; };
		6A386586131797FF008B6B20 /* PXBlock+Builder.h */ = {isa = PBXFileReference; fileEncoding = 4; lastKnownFileType = sourcecode.c.h; path = "PXBlock+Builder.h"; sourceTree = "<group>"; };
		6A386587131797FF008B6B20 /* PXBlock+Builder.m */ = {isa = PBXFileReference; fileEncoding = 4; lastKnownFileType = sourcecode.c.objc; path = "PXBlock+Builder.m"; sourceTree = "<group>"; };
		6A386588131797FF008B6B20 /* PXBlock+Bytecode.h */ = {isa = PBXFileReference; fileEncoding = 4; lastKnownFileType = sourcecode.c.h; path = "PXBlock+Bytecode.h"; sourceTree = "<group>"; };
		6A386589131797FF008B6B20 /* PXBlock+Bytecode.m */ = {isa = PBXFileReference; fileEncoding = 4; lastKnownFileType = sourcecode.c.objc; path = "PXBlock+Bytecode.m"; sourceTree = "<group>"; };
		6A38658A131797FF008B6B20 /* PXBlock+PXSupport.h */ = {isa = PBXFileReference; fileEncoding = 4; lastKnownFileType = sourcecode.c.h; path = "PXBlock+PXSupport.h"; sourceTree = "<group>"; };
		6A38658B131797FF008B6B20 /* PXBlock+PXSupport.m */ = {isa = PBXFileReference; fileEncoding = 4; lastKnownFileType = sourcecode.c.objc; path = "PXBlock+PXSupport.m"; sourceTree = "<group>"; };
		6A38658C13179800008B6B20 /* PXLexer.h */ = {isa = PBXFileReference; fileEncoding = 4; lastKnownFileType = sourcecode.c.h; path = PXLexer.h; sourceTree = "<group>"; };
		6A38658D13179800008B6B20 /* PXLexer.m */ = {isa = PBXFileReference; fileEncoding = 4; lastKnownFileType = sourcecode.c.objc; path = PXLexer.m; sourceTree = "<group>"; };
		6A3865A21317B7BB008B6B20 /* Examples */ = {isa = PBXFileReference; lastKnownFileType = folder; path = Examples; sourceTree = "<group>"; };
		6A3A78DE12FDE1650016D6AD /* Prolixity.app */ = {isa = PBXFileReference; explicitFileType = wrapper.application; includeInIndex = 0; path = Prolixity.app; sourceTree = BUILT_PRODUCTS_DIR; };
		6A3A78E212FDE1650016D6AD /* UIKit.framework */ = {isa = PBXFileReference; lastKnownFileType = wrapper.framework; name = UIKit.framework; path = System/Library/Frameworks/UIKit.framework; sourceTree = SDKROOT; };
		6A3A78E412FDE1650016D6AD /* Foundation.framework */ = {isa = PBXFileReference; lastKnownFileType = wrapper.framework; name = Foundation.framework; path = System/Library/Frameworks/Foundation.framework; sourceTree = SDKROOT; };
		6A3A78E612FDE1650016D6AD /* CoreGraphics.framework */ = {isa = PBXFileReference; lastKnownFileType = wrapper.framework; name = CoreGraphics.framework; path = System/Library/Frameworks/CoreGraphics.framework; sourceTree = SDKROOT; };
		6A3A78EA12FDE1650016D6AD /* Prolixity-Info.plist */ = {isa = PBXFileReference; lastKnownFileType = text.plist.xml; path = "Prolixity-Info.plist"; sourceTree = "<group>"; };
		6A3A78EE12FDE1650016D6AD /* Prolixity-Prefix.pch */ = {isa = PBXFileReference; lastKnownFileType = sourcecode.c.h; path = "Prolixity-Prefix.pch"; sourceTree = "<group>"; };
		6A3A78EF12FDE1650016D6AD /* main.m */ = {isa = PBXFileReference; lastKnownFileType = sourcecode.c.objc; path = main.m; sourceTree = "<group>"; };
		6A3A78F112FDE1650016D6AD /* PXAppDelegate.h */ = {isa = PBXFileReference; lastKnownFileType = sourcecode.c.h; path = PXAppDelegate.h; sourceTree = "<group>"; };
		6A3A78F212FDE1650016D6AD /* PXAppDelegate.m */ = {isa = PBXFileReference; lastKnownFileType = sourcecode.c.objc; path = PXAppDelegate.m; sourceTree = "<group>"; };
		6A3A790512FDE1650016D6AD /* ProlixityTests.octest */ = {isa = PBXFileReference; explicitFileType = wrapper.cfbundle; includeInIndex = 0; path = ProlixityTests.octest; sourceTree = BUILT_PRODUCTS_DIR; };
		6A3A790D12FDE1650016D6AD /* ProlixityTests-Info.plist */ = {isa = PBXFileReference; lastKnownFileType = text.plist.xml; path = "ProlixityTests-Info.plist"; sourceTree = "<group>"; };
		6A3A790F12FDE1650016D6AD /* en */ = {isa = PBXFileReference; lastKnownFileType = text.plist.strings; name = en; path = en.lproj/InfoPlist.strings; sourceTree = "<group>"; };
		6A3A791112FDE1650016D6AD /* ProlixityTests-Prefix.pch */ = {isa = PBXFileReference; lastKnownFileType = sourcecode.c.h; path = "ProlixityTests-Prefix.pch"; sourceTree = "<group>"; };
		6A3A791212FDE1650016D6AD /* ProlixityTests.h */ = {isa = PBXFileReference; lastKnownFileType = sourcecode.c.h; path = ProlixityTests.h; sourceTree = "<group>"; };
		6A3A791412FDE1650016D6AD /* ProlixityTests.m */ = {isa = PBXFileReference; lastKnownFileType = sourcecode.c.objc; path = ProlixityTests.m; sourceTree = "<group>"; };
		6A5432C012FDEA220084C7D0 /* lemon.c */ = {isa = PBXFileReference; fileEncoding = 4; lastKnownFileType = sourcecode.c.c; path = lemon.c; sourceTree = "<group>"; };
		6A5432DD12FDEF950084C7D0 /* libPXParser-iOS.a */ = {isa = PBXFileReference; explicitFileType = archive.ar; includeInIndex = 0; path = "libPXParser-iOS.a"; sourceTree = BUILT_PRODUCTS_DIR; };
		6A5432F712FDF0200084C7D0 /* lempar.c */ = {isa = PBXFileReference; lastKnownFileType = sourcecode.c.c; path = lempar.c; sourceTree = "<group>"; };
		6A5432F812FDF0200084C7D0 /* lexer.cpp */ = {isa = PBXFileReference; lastKnownFileType = sourcecode.cpp.cpp; path = lexer.cpp; sourceTree = "<group>"; };
		6A5432F912FDF0200084C7D0 /* lexer.h */ = {isa = PBXFileReference; lastKnownFileType = sourcecode.c.h; path = lexer.h; sourceTree = "<group>"; };
		6A5432FA12FDF0200084C7D0 /* lexer.l */ = {isa = PBXFileReference; lastKnownFileType = sourcecode.lex; path = lexer.l; sourceTree = "<group>"; };
		6A5432FB12FDF0200084C7D0 /* parser.y */ = {isa = PBXFileReference; lastKnownFileType = sourcecode.yacc; path = parser.y; sourceTree = "<group>"; };
		6A5432FC12FDF0200084C7D0 /* parser.cpp */ = {isa = PBXFileReference; lastKnownFileType = sourcecode.cpp.cpp; path = parser.cpp; sourceTree = "<group>"; };
		6A5432FD12FDF0200084C7D0 /* parser.h */ = {isa = PBXFileReference; lastKnownFileType = sourcecode.c.h; path = parser.h; sourceTree = "<group>"; };
		6A5432FE12FDF0200084C7D0 /* ParserBlock.h */ = {isa = PBXFileReference; lastKnownFileType = sourcecode.c.h; path = ParserBlock.h; sourceTree = "<group>"; };
		6A5432FF12FDF0200084C7D0 /* PXParser_iOS-Prefix.pch */ = {isa = PBXFileReference; lastKnownFileType = sourcecode.c.h; path = "PXParser_iOS-Prefix.pch"; sourceTree = "<group>"; };
		6A54330012FDF0200084C7D0 /* PXParser.cpp */ = {isa = PBXFileReference; lastKnownFileType = sourcecode.cpp.cpp; path = PXParser.cpp; sourceTree = "<group>"; };
		6A54330112FDF0200084C7D0 /* PXParser.h */ = {isa = PBXFileReference; lastKnownFileType = sourcecode.c.h; path = PXParser.h; sourceTree = "<group>"; };
		6A57F8D412FEA000009A184A /* PXBlock.h */ = {isa = PBXFileReference; fileEncoding = 4; lastKnownFileType = sourcecode.c.h; path = PXBlock.h; sourceTree = "<group>"; };
		6A57F8D512FEA000009A184A /* PXBlock.m */ = {isa = PBXFileReference; fileEncoding = 4; lastKnownFileType = sourcecode.c.objc; path = PXBlock.m; sourceTree = "<group>"; };
		6A57F8D612FEA000009A184A /* PXLexicon.h */ = {isa = PBXFileReference; fileEncoding = 4; lastKnownFileType = sourcecode.c.h; path = PXLexicon.h; sourceTree = "<group>"; };
		6A57F8D712FEA000009A184A /* PXLexicon.m */ = {isa = PBXFileReference; fileEncoding = 4; lastKnownFileType = sourcecode.c.objc; path = PXLexicon.m; sourceTree = "<group>"; };
		6A7CF7DF13444C4E00BE111B /* en */ = {isa = PBXFileReference; lastKnownFileType = text.plist.strings; name = en; path = en.lproj/InfoPlist.strings; sourceTree = "<group>"; };
		6A7CF7E313444C6600BE111B /* en */ = {isa = PBXFileReference; lastKnownFileType = file.xib; name = en; path = en.lproj/MainWindow_iPad.xib; sourceTree = "<group>"; };
		6A7CF7E513444C6600BE111B /* en */ = {isa = PBXFileReference; lastKnownFileType = file.xib; name = en; path = en.lproj/PXDetailView.xib; sourceTree = "<group>"; };
		6A7CF7E713444C6600BE111B /* en */ = {isa = PBXFileReference; lastKnownFileType = file.xib; name = en; path = en.lproj/PXEvaluationResultViewController.xib; sourceTree = "<group>"; };
		6A7CF7E813444C6600BE111B /* PXAppDelegate_iPad.h */ = {isa = PBXFileReference; fileEncoding = 4; lastKnownFileType = sourcecode.c.h; path = PXAppDelegate_iPad.h; sourceTree = "<group>"; };
		6A7CF7E913444C6600BE111B /* PXAppDelegate_iPad.m */ = {isa = PBXFileReference; fileEncoding = 4; lastKnownFileType = sourcecode.c.objc; path = PXAppDelegate_iPad.m; sourceTree = "<group>"; };
		6A7CF7EA13444C6600BE111B /* PXDetailViewController.h */ = {isa = PBXFileReference; fileEncoding = 4; lastKnownFileType = sourcecode.c.h; path = PXDetailViewController.h; sourceTree = "<group>"; };
		6A7CF7EB13444C6600BE111B /* PXDetailViewController.m */ = {isa = PBXFileReference; fileEncoding = 4; lastKnownFileType = sourcecode.c.objc; path = PXDetailViewController.m; sourceTree = "<group>"; };
		6A7CF7F013444C6600BE111B /* PXRootViewController_iPad.h */ = {isa = PBXFileReference; fileEncoding = 4; lastKnownFileType = sourcecode.c.h; path = PXRootViewController_iPad.h; sourceTree = "<group>"; };
		6A7CF7F113444C6600BE111B /* PXRootViewController_iPad.m */ = {isa = PBXFileReference; fileEncoding = 4; lastKnownFileType = sourcecode.c.objc; path = PXRootViewController_iPad.m; sourceTree = "<group>"; };
		6A7CF7FB13444D7500BE111B /* MainWindow_iPhone.xib */ = {isa = PBXFileReference; fileEncoding = 4; lastKnownFileType = file.xib; path = MainWindow_iPhone.xib; sourceTree = "<group>"; };
		6A7CF7FD13444DBC00BE111B /* PXAppDelegate_iPhone.h */ = {isa = PBXFileReference; fileEncoding = 4; lastKnownFileType = sourcecode.c.h; path = PXAppDelegate_iPhone.h; sourceTree = "<group>"; };
		6A7CF7FE13444DBC00BE111B /* PXAppDelegate_iPhone.m */ = {isa = PBXFileReference; fileEncoding = 4; lastKnownFileType = sourcecode.c.objc; path = PXAppDelegate_iPhone.m; sourceTree = "<group>"; };
		6A7CF8311344502900BE111B /* PXRootViewController_iPhone.h */ = {isa = PBXFileReference; fileEncoding = 4; lastKnownFileType = sourcecode.c.h; path = PXRootViewController_iPhone.h; sourceTree = "<group>"; };
		6A7CF8321344502900BE111B /* PXRootViewController_iPhone.m */ = {isa = PBXFileReference; fileEncoding = 4; lastKnownFileType = sourcecode.c.objc; path = PXRootViewController_iPhone.m; sourceTree = "<group>"; };
		6A7CF8331344502900BE111B /* PXRootViewController_iPhone.xib */ = {isa = PBXFileReference; fileEncoding = 4; lastKnownFileType = file.xib; path = PXRootViewController_iPhone.xib; sourceTree = "<group>"; };
		6A7CF83B134455E800BE111B /* PXSnippetEditorViewController_iPhone.h */ = {isa = PBXFileReference; fileEncoding = 4; lastKnownFileType = sourcecode.c.h; path = PXSnippetEditorViewController_iPhone.h; sourceTree = "<group>"; };
		6A7CF83C134455E800BE111B /* PXSnippetEditorViewController_iPhone.m */ = {isa = PBXFileReference; fileEncoding = 4; lastKnownFileType = sourcecode.c.objc; path = PXSnippetEditorViewController_iPhone.m; sourceTree = "<group>"; };
		6A7CF83D134455E800BE111B /* PXSnippetEditorViewController_iPhone.xib */ = {isa = PBXFileReference; fileEncoding = 4; lastKnownFileType = file.xib; path = PXSnippetEditorViewController_iPhone.xib; sourceTree = "<group>"; };
		6A7CF8481344602300BE111B /* PXEvaluationResultViewController_iPhone.xib */ = {isa = PBXFileReference; fileEncoding = 4; lastKnownFileType = file.xib; path = PXEvaluationResultViewController_iPhone.xib; sourceTree = "<group>"; };
		6A7CF84B1344644A00BE111B /* PXEvaluationCanvasView.h */ = {isa = PBXFileReference; fileEncoding = 4; lastKnownFileType = sourcecode.c.h; path = PXEvaluationCanvasView.h; sourceTree = "<group>"; };
		6A7CF84C1344644A00BE111B /* PXEvaluationCanvasView.m */ = {isa = PBXFileReference; fileEncoding = 4; lastKnownFileType = sourcecode.c.objc; path = PXEvaluationCanvasView.m; sourceTree = "<group>"; };
		6A7CF84D1344644A00BE111B /* PXEvaluationResultViewController.h */ = {isa = PBXFileReference; fileEncoding = 4; lastKnownFileType = sourcecode.c.h; path = PXEvaluationResultViewController.h; sourceTree = "<group>"; };
		6A7CF84E1344644A00BE111B /* PXEvaluationResultViewController.m */ = {isa = PBXFileReference; fileEncoding = 4; lastKnownFileType = sourcecode.c.objc; path = PXEvaluationResultViewController.m; sourceTree = "<group>"; };
		6A95AD1F1314B0B200FA6E76 /* Prolixity.png */ = {isa = PBXFileReference; lastKnownFileType = image.png; path = Prolixity.png; sourceTree = "<group>"; };
		6A95AD201314B0B200FA6E76 /* Prolixity72.png */ = {isa = PBXFileReference; lastKnownFileType = image.png; path = Prolixity72.png; sourceTree = "<group>"; };
		6A95AD211314B0B200FA6E76 /* Prolixty@2x.png */ = {isa = PBXFileReference; lastKnownFileType = image.png; path = "Prolixty@2x.png"; sourceTree = "<group>"; };
		6AA3954513174F7E00C034E0 /* PXSnippetManager.h */ = {isa = PBXFileReference; fileEncoding = 4; lastKnownFileType = sourcecode.c.h; path = PXSnippetManager.h; sourceTree = "<group>"; };
		6AA3954613174F7F00C034E0 /* PXSnippetManager.m */ = {isa = PBXFileReference; fileEncoding = 4; lastKnownFileType = sourcecode.c.objc; path = PXSnippetManager.m; sourceTree = "<group>"; };
		6AE091D3131751B90039E5E4 /* NSString+PXSupport.h */ = {isa = PBXFileReference; fileEncoding = 4; lastKnownFileType = sourcecode.c.h; path = "NSString+PXSupport.h"; sourceTree = "<group>"; };
		6AE091D4131751B90039E5E4 /* NSString+PXSupport.m */ = {isa = PBXFileReference; fileEncoding = 4; lastKnownFileType = sourcecode.c.objc; path = "NSString+PXSupport.m"; sourceTree = "<group>"; };
		6AE091D5131751B90039E5E4 /* PXUtilities.h */ = {isa = PBXFileReference; fileEncoding = 4; lastKnownFileType = sourcecode.c.h; path = PXUtilities.h; sourceTree = "<group>"; };
		6AE091D6131751B90039E5E4 /* PXUtilities.m */ = {isa = PBXFileReference; fileEncoding = 4; lastKnownFileType = sourcecode.c.objc; path = PXUtilities.m; sourceTree = "<group>"; };
		6AE091D91317525C0039E5E4 /* PXRuntime.h */ = {isa = PBXFileReference; fileEncoding = 4; lastKnownFileType = sourcecode.c.h; path = PXRuntime.h; sourceTree = "<group>"; };
		6AE091DB1317571D0039E5E4 /* PXRuntime.m */ = {isa = PBXFileReference; fileEncoding = 4; lastKnownFileType = sourcecode.c.objc; path = PXRuntime.m; sourceTree = "<group>"; };
/* End PBXFileReference section */

/* Begin PBXFrameworksBuildPhase section */
		6A3A78DB12FDE1650016D6AD /* Frameworks */ = {
			isa = PBXFrameworksBuildPhase;
			buildActionMask = 2147483647;
			files = (
				6A54330D12FDF2310084C7D0 /* libPXParser-iOS.a in Frameworks */,
				6A3A78E312FDE1650016D6AD /* UIKit.framework in Frameworks */,
				6A3A78E512FDE1650016D6AD /* Foundation.framework in Frameworks */,
				6A3A78E712FDE1650016D6AD /* CoreGraphics.framework in Frameworks */,
			);
			runOnlyForDeploymentPostprocessing = 0;
		};
		6A3A790112FDE1650016D6AD /* Frameworks */ = {
			isa = PBXFrameworksBuildPhase;
			buildActionMask = 2147483647;
			files = (
				6A3A790612FDE1650016D6AD /* UIKit.framework in Frameworks */,
				6A3A790712FDE1650016D6AD /* Foundation.framework in Frameworks */,
				6A3A790812FDE1650016D6AD /* CoreGraphics.framework in Frameworks */,
			);
			runOnlyForDeploymentPostprocessing = 0;
		};
		6A5432DA12FDEF950084C7D0 /* Frameworks */ = {
			isa = PBXFrameworksBuildPhase;
			buildActionMask = 2147483647;
			files = (
				6A5432DE12FDEF950084C7D0 /* Foundation.framework in Frameworks */,
			);
			runOnlyForDeploymentPostprocessing = 0;
		};
/* End PBXFrameworksBuildPhase section */

/* Begin PBXGroup section */
		6A3A78D312FDE1650016D6AD = {
			isa = PBXGroup;
			children = (
				6A3865A21317B7BB008B6B20 /* Examples */,
				6A3A78E812FDE1650016D6AD /* Prolixity */,
				6A3A790B12FDE1650016D6AD /* ProlixityTests */,
				6A5432DF12FDEF950084C7D0 /* PXParser-iOS */,
				6A5432BF12FDE9ED0084C7D0 /* parser */,
				6A57F8D312FEA000009A184A /* Runtime */,
				6A3A78E112FDE1650016D6AD /* Frameworks */,
				6A3A78DF12FDE1650016D6AD /* Products */,
			);
			sourceTree = "<group>";
		};
		6A3A78DF12FDE1650016D6AD /* Products */ = {
			isa = PBXGroup;
			children = (
				6A3A78DE12FDE1650016D6AD /* Prolixity.app */,
				6A3A790512FDE1650016D6AD /* ProlixityTests.octest */,
				6A5432DD12FDEF950084C7D0 /* libPXParser-iOS.a */,
			);
			name = Products;
			sourceTree = "<group>";
		};
		6A3A78E112FDE1650016D6AD /* Frameworks */ = {
			isa = PBXGroup;
			children = (
				6A3A78E212FDE1650016D6AD /* UIKit.framework */,
				6A3A78E412FDE1650016D6AD /* Foundation.framework */,
				6A3A78E612FDE1650016D6AD /* CoreGraphics.framework */,
			);
			name = Frameworks;
			sourceTree = "<group>";
		};
		6A3A78E812FDE1650016D6AD /* Prolixity */ = {
			isa = PBXGroup;
			children = (
				6A7CF84A1344643D00BE111B /* Shared */,
				6A7CF7FA13444D5900BE111B /* iPhone */,
				6A7CF7E113444C6600BE111B /* iPad */,
				6A3A78F112FDE1650016D6AD /* PXAppDelegate.h */,
				6A3A78F212FDE1650016D6AD /* PXAppDelegate.m */,
				6AA3954513174F7E00C034E0 /* PXSnippetManager.h */,
				6AA3954613174F7F00C034E0 /* PXSnippetManager.m */,
				6A95AD1E1314B0B200FA6E76 /* Images */,
				6A3A78E912FDE1650016D6AD /* Supporting Files */,
			);
			path = Prolixity;
			sourceTree = "<group>";
		};
		6A3A78E912FDE1650016D6AD /* Supporting Files */ = {
			isa = PBXGroup;
			children = (
				6A7CF7E013444C4E00BE111B /* InfoPlist.strings */,
				6A3A78EA12FDE1650016D6AD /* Prolixity-Info.plist */,
				6A3A78EE12FDE1650016D6AD /* Prolixity-Prefix.pch */,
				6A3A78EF12FDE1650016D6AD /* main.m */,
			);
			name = "Supporting Files";
			sourceTree = "<group>";
		};
		6A3A790B12FDE1650016D6AD /* ProlixityTests */ = {
			isa = PBXGroup;
			children = (
				6A3A791212FDE1650016D6AD /* ProlixityTests.h */,
				6A3A791412FDE1650016D6AD /* ProlixityTests.m */,
				6A3A790C12FDE1650016D6AD /* Supporting Files */,
			);
			path = ProlixityTests;
			sourceTree = "<group>";
		};
		6A3A790C12FDE1650016D6AD /* Supporting Files */ = {
			isa = PBXGroup;
			children = (
				6A3A790D12FDE1650016D6AD /* ProlixityTests-Info.plist */,
				6A3A790E12FDE1650016D6AD /* InfoPlist.strings */,
				6A3A791112FDE1650016D6AD /* ProlixityTests-Prefix.pch */,
			);
			name = "Supporting Files";
			sourceTree = "<group>";
		};
		6A5432BF12FDE9ED0084C7D0 /* parser */ = {
			isa = PBXGroup;
			children = (
				6A5432F712FDF0200084C7D0 /* lempar.c */,
				6A5432F812FDF0200084C7D0 /* lexer.cpp */,
				6A5432F912FDF0200084C7D0 /* lexer.h */,
				6A5432FA12FDF0200084C7D0 /* lexer.l */,
				6A5432FB12FDF0200084C7D0 /* parser.y */,
				6A5432FC12FDF0200084C7D0 /* parser.cpp */,
				6A5432FD12FDF0200084C7D0 /* parser.h */,
				6A5432FE12FDF0200084C7D0 /* ParserBlock.h */,
				6A5432FF12FDF0200084C7D0 /* PXParser_iOS-Prefix.pch */,
				6A54330012FDF0200084C7D0 /* PXParser.cpp */,
				6A54330112FDF0200084C7D0 /* PXParser.h */,
				6A5432C012FDEA220084C7D0 /* lemon.c */,
			);
			path = parser;
			sourceTree = "<group>";
		};
		6A5432DF12FDEF950084C7D0 /* PXParser-iOS */ = {
			isa = PBXGroup;
			children = (
				6A5432E012FDEF950084C7D0 /* Supporting Files */,
			);
			path = "PXParser-iOS";
			sourceTree = "<group>";
		};
		6A5432E012FDEF950084C7D0 /* Supporting Files */ = {
			isa = PBXGroup;
			children = (
			);
			name = "Supporting Files";
			sourceTree = "<group>";
		};
		6A57F8D312FEA000009A184A /* Runtime */ = {
			isa = PBXGroup;
			children = (
				6A38657E131797FE008B6B20 /* NSNumber+PXSupport.h */,
				6A38657F131797FE008B6B20 /* NSNumber+PXSupport.m */,
				6A386580131797FE008B6B20 /* NSObject+PXSupport.h */,
				6A386581131797FE008B6B20 /* NSObject+PXSupport.m */,
				6AE091D3131751B90039E5E4 /* NSString+PXSupport.h */,
				6AE091D4131751B90039E5E4 /* NSString+PXSupport.m */,
				6A386582131797FE008B6B20 /* NSString+PXUtilities.h */,
				6A386583131797FE008B6B20 /* NSString+PXUtilities.m */,
				6A386584131797FE008B6B20 /* NSValue+PXSupport.h */,
				6A386585131797FE008B6B20 /* NSValue+PXSupport.m */,
				6A57F8D412FEA000009A184A /* PXBlock.h */,
				6A57F8D512FEA000009A184A /* PXBlock.m */,
				6A386586131797FF008B6B20 /* PXBlock+Builder.h */,
				6A386587131797FF008B6B20 /* PXBlock+Builder.m */,
				6A386588131797FF008B6B20 /* PXBlock+Bytecode.h */,
				6A386589131797FF008B6B20 /* PXBlock+Bytecode.m */,
				6A38658A131797FF008B6B20 /* PXBlock+PXSupport.h */,
				6A38658B131797FF008B6B20 /* PXBlock+PXSupport.m */,
				6A38658C13179800008B6B20 /* PXLexer.h */,
				6A38658D13179800008B6B20 /* PXLexer.m */,
				6A57F8D612FEA000009A184A /* PXLexicon.h */,
				6A57F8D712FEA000009A184A /* PXLexicon.m */,
				6AE091D91317525C0039E5E4 /* PXRuntime.h */,
				6AE091DB1317571D0039E5E4 /* PXRuntime.m */,
				6AE091D5131751B90039E5E4 /* PXUtilities.h */,
				6AE091D6131751B90039E5E4 /* PXUtilities.m */,
			);
			path = Runtime;
			sourceTree = "<group>";
		};
		6A7CF7E113444C6600BE111B /* iPad */ = {
			isa = PBXGroup;
			children = (
				6A7CF7E213444C6600BE111B /* MainWindow_iPad.xib */,
				6A7CF7E413444C6600BE111B /* PXDetailView.xib */,
				6A7CF7E613444C6600BE111B /* PXEvaluationResultViewController.xib */,
				6A7CF7E813444C6600BE111B /* PXAppDelegate_iPad.h */,
				6A7CF7E913444C6600BE111B /* PXAppDelegate_iPad.m */,
				6A7CF7EA13444C6600BE111B /* PXDetailViewController.h */,
				6A7CF7EB13444C6600BE111B /* PXDetailViewController.m */,
				6A7CF7F013444C6600BE111B /* PXRootViewController_iPad.h */,
				6A7CF7F113444C6600BE111B /* PXRootViewController_iPad.m */,
			);
			path = iPad;
			sourceTree = "<group>";
		};
		6A7CF7FA13444D5900BE111B /* iPhone */ = {
			isa = PBXGroup;
			children = (
				6A7CF7FB13444D7500BE111B /* MainWindow_iPhone.xib */,
				6A7CF7FD13444DBC00BE111B /* PXAppDelegate_iPhone.h */,
				6A7CF7FE13444DBC00BE111B /* PXAppDelegate_iPhone.m */,
				6A7CF8311344502900BE111B /* PXRootViewController_iPhone.h */,
				6A7CF8321344502900BE111B /* PXRootViewController_iPhone.m */,
				6A7CF8331344502900BE111B /* PXRootViewController_iPhone.xib */,
				6A7CF83B134455E800BE111B /* PXSnippetEditorViewController_iPhone.h */,
				6A7CF83C134455E800BE111B /* PXSnippetEditorViewController_iPhone.m */,
				6A7CF83D134455E800BE111B /* PXSnippetEditorViewController_iPhone.xib */,
				6A7CF8481344602300BE111B /* PXEvaluationResultViewController_iPhone.xib */,
			);
			path = iPhone;
			sourceTree = "<group>";
		};
		6A7CF84A1344643D00BE111B /* Shared */ = {
			isa = PBXGroup;
			children = (
				6A7CF84B1344644A00BE111B /* PXEvaluationCanvasView.h */,
				6A7CF84C1344644A00BE111B /* PXEvaluationCanvasView.m */,
				6A7CF84D1344644A00BE111B /* PXEvaluationResultViewController.h */,
				6A7CF84E1344644A00BE111B /* PXEvaluationResultViewController.m */,
			);
			name = Shared;
			sourceTree = "<group>";
		};
		6A95AD1E1314B0B200FA6E76 /* Images */ = {
			isa = PBXGroup;
			children = (
				6A0C8AA71317D4780036F9A1 /* flower.jpg */,
				6A95AD1F1314B0B200FA6E76 /* Prolixity.png */,
				6A95AD201314B0B200FA6E76 /* Prolixity72.png */,
				6A95AD211314B0B200FA6E76 /* Prolixty@2x.png */,
			);
			path = Images;
			sourceTree = "<group>";
		};
/* End PBXGroup section */

/* Begin PBXHeadersBuildPhase section */
		6A5432DB12FDEF950084C7D0 /* Headers */ = {
			isa = PBXHeadersBuildPhase;
			buildActionMask = 2147483647;
			files = (
				6A54330312FDF0480084C7D0 /* lexer.h in Headers */,
				6A54330512FDF0480084C7D0 /* parser.h in Headers */,
				6A54330612FDF0480084C7D0 /* ParserBlock.h in Headers */,
				6A74BC8712FDF32C0019C2ED /* PXParser.h in Headers */,
			);
			runOnlyForDeploymentPostprocessing = 0;
		};
/* End PBXHeadersBuildPhase section */

/* Begin PBXLegacyTarget section */
		6ADFF7B31343864D00568AC3 /* parser-source */ = {
			isa = PBXLegacyTarget;
			buildArgumentsString = parser.cpp;
			buildConfigurationList = 6ADFF7B61343864E00568AC3 /* Build configuration list for PBXLegacyTarget "parser-source" */;
			buildPhases = (
			);
			buildToolPath = /usr/bin/make;
			buildWorkingDirectory = "$(SRCROOT)/parser";
			dependencies = (
			);
			name = "parser-source";
			passBuildSettingsInEnvironment = 1;
			productName = "parser-source";
		};
/* End PBXLegacyTarget section */

/* Begin PBXNativeTarget section */
		6A3A78DD12FDE1650016D6AD /* Prolixity */ = {
			isa = PBXNativeTarget;
			buildConfigurationList = 6A3A791812FDE1650016D6AD /* Build configuration list for PBXNativeTarget "Prolixity" */;
			buildPhases = (
				6A3A78DA12FDE1650016D6AD /* Sources */,
				6A3A78DB12FDE1650016D6AD /* Frameworks */,
				6A3A78DC12FDE1650016D6AD /* Resources */,
			);
			buildRules = (
			);
			dependencies = (
				6A54330F12FDF24E0084C7D0 /* PBXTargetDependency */,
			);
			name = Prolixity;
			productName = Prolixity;
			productReference = 6A3A78DE12FDE1650016D6AD /* Prolixity.app */;
			productType = "com.apple.product-type.application";
		};
		6A3A790412FDE1650016D6AD /* ProlixityTests */ = {
			isa = PBXNativeTarget;
			buildConfigurationList = 6A3A791B12FDE1650016D6AD /* Build configuration list for PBXNativeTarget "ProlixityTests" */;
			buildPhases = (
				6A3A790012FDE1650016D6AD /* Sources */,
				6A3A790112FDE1650016D6AD /* Frameworks */,
				6A3A790212FDE1650016D6AD /* Resources */,
				6A3A790312FDE1650016D6AD /* ShellScript */,
			);
			buildRules = (
			);
			dependencies = (
				6A3A790A12FDE1650016D6AD /* PBXTargetDependency */,
			);
			name = ProlixityTests;
			productName = ProlixityTests;
			productReference = 6A3A790512FDE1650016D6AD /* ProlixityTests.octest */;
			productType = "com.apple.product-type.bundle";
		};
		6A5432DC12FDEF950084C7D0 /* PXParser-iOS */ = {
			isa = PBXNativeTarget;
			buildConfigurationList = 6A5432E212FDEF950084C7D0 /* Build configuration list for PBXNativeTarget "PXParser-iOS" */;
			buildPhases = (
				6A5432D912FDEF950084C7D0 /* Sources */,
				6A5432DA12FDEF950084C7D0 /* Frameworks */,
				6A5432DB12FDEF950084C7D0 /* Headers */,
			);
			buildRules = (
			);
			dependencies = (
				6ADFF7B91343869F00568AC3 /* PBXTargetDependency */,
			);
			name = "PXParser-iOS";
			productName = "PXParser-iOS";
			productReference = 6A5432DD12FDEF950084C7D0 /* libPXParser-iOS.a */;
			productType = "com.apple.product-type.library.static";
		};
/* End PBXNativeTarget section */

/* Begin PBXProject section */
		6A3A78D512FDE1650016D6AD /* Project object */ = {
			isa = PBXProject;
			attributes = {
				LastUpgradeCheck = 0420;
			};
			buildConfigurationList = 6A3A78D812FDE1650016D6AD /* Build configuration list for PBXProject "Prolixity" */;
			compatibilityVersion = "Xcode 3.2";
			developmentRegion = English;
			hasScannedForEncodings = 0;
			knownRegions = (
				en,
			);
			mainGroup = 6A3A78D312FDE1650016D6AD;
			productRefGroup = 6A3A78DF12FDE1650016D6AD /* Products */;
			projectDirPath = "";
			projectRoot = "";
			targets = (
				6A3A78DD12FDE1650016D6AD /* Prolixity */,
				6A3A790412FDE1650016D6AD /* ProlixityTests */,
				6A5432DC12FDEF950084C7D0 /* PXParser-iOS */,
				6ADFF7B31343864D00568AC3 /* parser-source */,
			);
		};
/* End PBXProject section */

/* Begin PBXResourcesBuildPhase section */
		6A3A78DC12FDE1650016D6AD /* Resources */ = {
			isa = PBXResourcesBuildPhase;
			buildActionMask = 2147483647;
			files = (
				6A95AD221314B0B200FA6E76 /* Prolixity.png in Resources */,
				6A95AD231314B0B200FA6E76 /* Prolixity72.png in Resources */,
				6A95AD241314B0B200FA6E76 /* Prolixty@2x.png in Resources */,
				6A3865A31317B7BC008B6B20 /* Examples in Resources */,
				6A0C8AA81317D4780036F9A1 /* flower.jpg in Resources */,
				6A7CF7DE13444C4E00BE111B /* InfoPlist.strings in Resources */,
				6A7CF7F213444C6600BE111B /* MainWindow_iPad.xib in Resources */,
				6A7CF7F313444C6600BE111B /* PXDetailView.xib in Resources */,
				6A7CF7F413444C6600BE111B /* PXEvaluationResultViewController.xib in Resources */,
				6A7CF7FC13444D7500BE111B /* MainWindow_iPhone.xib in Resources */,
				6A7CF8351344502900BE111B /* PXRootViewController_iPhone.xib in Resources */,
				6A7CF83F134455E900BE111B /* PXSnippetEditorViewController_iPhone.xib in Resources */,
				6A7CF8491344602300BE111B /* PXEvaluationResultViewController_iPhone.xib in Resources */,
			);
			runOnlyForDeploymentPostprocessing = 0;
		};
		6A3A790212FDE1650016D6AD /* Resources */ = {
			isa = PBXResourcesBuildPhase;
			buildActionMask = 2147483647;
			files = (
				6A3A791012FDE1650016D6AD /* InfoPlist.strings in Resources */,
				6A3A791312FDE1650016D6AD /* ProlixityTests.h in Resources */,
			);
			runOnlyForDeploymentPostprocessing = 0;
		};
/* End PBXResourcesBuildPhase section */

/* Begin PBXShellScriptBuildPhase section */
		6A3A790312FDE1650016D6AD /* ShellScript */ = {
			isa = PBXShellScriptBuildPhase;
			buildActionMask = 2147483647;
			files = (
			);
			inputPaths = (
			);
			outputPaths = (
			);
			runOnlyForDeploymentPostprocessing = 0;
			shellPath = /bin/sh;
			shellScript = "# Run the unit tests in this test bundle.\n\"${SYSTEM_DEVELOPER_DIR}/Tools/RunUnitTests\"\n";
		};
/* End PBXShellScriptBuildPhase section */

/* Begin PBXSourcesBuildPhase section */
		6A3A78DA12FDE1650016D6AD /* Sources */ = {
			isa = PBXSourcesBuildPhase;
			buildActionMask = 2147483647;
			files = (
				6A3A78F012FDE1650016D6AD /* main.m in Sources */,
				6A3A78F312FDE1650016D6AD /* PXAppDelegate.m in Sources */,
				6A57F8D812FEA000009A184A /* PXBlock.m in Sources */,
				6A57F8D912FEA000009A184A /* PXLexicon.m in Sources */,
				6AA3954713174F7F00C034E0 /* PXSnippetManager.m in Sources */,
				6AE091D7131751B90039E5E4 /* NSString+PXSupport.m in Sources */,
				6AE091D8131751B90039E5E4 /* PXUtilities.m in Sources */,
				6AE091DC1317571D0039E5E4 /* PXRuntime.m in Sources */,
				6A38658E13179801008B6B20 /* NSNumber+PXSupport.m in Sources */,
				6A38658F13179801008B6B20 /* NSObject+PXSupport.m in Sources */,
				6A38659013179801008B6B20 /* NSString+PXUtilities.m in Sources */,
				6A38659113179801008B6B20 /* NSValue+PXSupport.m in Sources */,
				6A38659213179801008B6B20 /* PXBlock+Builder.m in Sources */,
				6A38659313179801008B6B20 /* PXBlock+Bytecode.m in Sources */,
				6A38659413179801008B6B20 /* PXBlock+PXSupport.m in Sources */,
				6A38659513179801008B6B20 /* PXLexer.m in Sources */,
				6A7CF7F513444C6600BE111B /* PXAppDelegate_iPad.m in Sources */,
				6A7CF7F613444C6600BE111B /* PXDetailViewController.m in Sources */,
				6A7CF7F913444C6600BE111B /* PXRootViewController_iPad.m in Sources */,
				6A7CF7FF13444DBC00BE111B /* PXAppDelegate_iPhone.m in Sources */,
				6A7CF8341344502900BE111B /* PXRootViewController_iPhone.m in Sources */,
				6A7CF83E134455E900BE111B /* PXSnippetEditorViewController_iPhone.m in Sources */,
				6A7CF84F1344644A00BE111B /* PXEvaluationCanvasView.m in Sources */,
				6A7CF8501344644A00BE111B /* PXEvaluationResultViewController.m in Sources */,
			);
			runOnlyForDeploymentPostprocessing = 0;
		};
		6A3A790012FDE1650016D6AD /* Sources */ = {
			isa = PBXSourcesBuildPhase;
			buildActionMask = 2147483647;
			files = (
				6A3A791512FDE1650016D6AD /* ProlixityTests.m in Sources */,
			);
			runOnlyForDeploymentPostprocessing = 0;
		};
		6A5432D912FDEF950084C7D0 /* Sources */ = {
			isa = PBXSourcesBuildPhase;
			buildActionMask = 2147483647;
			files = (
				6A54330212FDF0480084C7D0 /* lexer.cpp in Sources */,
				6A54330412FDF0480084C7D0 /* parser.cpp in Sources */,
				6A54330712FDF0480084C7D0 /* PXParser.cpp in Sources */,
			);
			runOnlyForDeploymentPostprocessing = 0;
		};
/* End PBXSourcesBuildPhase section */

/* Begin PBXTargetDependency section */
		6A3A790A12FDE1650016D6AD /* PBXTargetDependency */ = {
			isa = PBXTargetDependency;
			target = 6A3A78DD12FDE1650016D6AD /* Prolixity */;
			targetProxy = 6A3A790912FDE1650016D6AD /* PBXContainerItemProxy */;
		};
		6A54330F12FDF24E0084C7D0 /* PBXTargetDependency */ = {
			isa = PBXTargetDependency;
			target = 6A5432DC12FDEF950084C7D0 /* PXParser-iOS */;
			targetProxy = 6A54330E12FDF24E0084C7D0 /* PBXContainerItemProxy */;
		};
		6ADFF7B91343869F00568AC3 /* PBXTargetDependency */ = {
			isa = PBXTargetDependency;
			target = 6ADFF7B31343864D00568AC3 /* parser-source */;
			targetProxy = 6ADFF7B81343869F00568AC3 /* PBXContainerItemProxy */;
		};
/* End PBXTargetDependency section */

/* Begin PBXVariantGroup section */
		6A3A790E12FDE1650016D6AD /* InfoPlist.strings */ = {
			isa = PBXVariantGroup;
			children = (
				6A3A790F12FDE1650016D6AD /* en */,
			);
			name = InfoPlist.strings;
			sourceTree = "<group>";
		};
		6A7CF7E013444C4E00BE111B /* InfoPlist.strings */ = {
			isa = PBXVariantGroup;
			children = (
				6A7CF7DF13444C4E00BE111B /* en */,
			);
			name = InfoPlist.strings;
			sourceTree = "<group>";
		};
		6A7CF7E213444C6600BE111B /* MainWindow_iPad.xib */ = {
			isa = PBXVariantGroup;
			children = (
				6A7CF7E313444C6600BE111B /* en */,
			);
			name = MainWindow_iPad.xib;
			sourceTree = "<group>";
		};
		6A7CF7E413444C6600BE111B /* PXDetailView.xib */ = {
			isa = PBXVariantGroup;
			children = (
				6A7CF7E513444C6600BE111B /* en */,
			);
			name = PXDetailView.xib;
			sourceTree = "<group>";
		};
		6A7CF7E613444C6600BE111B /* PXEvaluationResultViewController.xib */ = {
			isa = PBXVariantGroup;
			children = (
				6A7CF7E713444C6600BE111B /* en */,
			);
			name = PXEvaluationResultViewController.xib;
			sourceTree = "<group>";
		};
/* End PBXVariantGroup section */

/* Begin XCBuildConfiguration section */
		6A3A791612FDE1650016D6AD /* Debug */ = {
			isa = XCBuildConfiguration;
			buildSettings = {
				ARCHS = "$(ARCHS_STANDARD_32_BIT)";
				"CODE_SIGN_IDENTITY[sdk=iphoneos*]" = "iPhone Developer";
				GCC_C_LANGUAGE_STANDARD = gnu99;
				GCC_OPTIMIZATION_LEVEL = 0;
				GCC_PREPROCESSOR_DEFINITIONS = DEBUG;
				GCC_VERSION = com.apple.compilers.llvmgcc42;
				GCC_WARN_ABOUT_RETURN_TYPE = YES;
				GCC_WARN_UNUSED_VARIABLE = YES;
				IPHONEOS_DEPLOYMENT_TARGET = 4.2;
				SDKROOT = iphoneos;
				TARGETED_DEVICE_FAMILY = 2;
			};
			name = Debug;
		};
		6A3A791712FDE1650016D6AD /* Release */ = {
			isa = XCBuildConfiguration;
			buildSettings = {
				ARCHS = "$(ARCHS_STANDARD_32_BIT)";
				"CODE_SIGN_IDENTITY[sdk=iphoneos*]" = "iPhone Developer";
				GCC_C_LANGUAGE_STANDARD = gnu99;
				GCC_VERSION = com.apple.compilers.llvmgcc42;
				GCC_WARN_ABOUT_RETURN_TYPE = YES;
				GCC_WARN_UNUSED_VARIABLE = YES;
				IPHONEOS_DEPLOYMENT_TARGET = 4.2;
				OTHER_CFLAGS = "-DNS_BLOCK_ASSERTIONS=1";
				SDKROOT = iphoneos;
				TARGETED_DEVICE_FAMILY = 2;
			};
			name = Release;
		};
		6A3A791912FDE1650016D6AD /* Debug */ = {
			isa = XCBuildConfiguration;
			buildSettings = {
				ALWAYS_SEARCH_USER_PATHS = NO;
				COPY_PHASE_STRIP = NO;
				GCC_DYNAMIC_NO_PIC = NO;
				GCC_PRECOMPILE_PREFIX_HEADER = YES;
				GCC_PREFIX_HEADER = "Prolixity/Prolixity-Prefix.pch";
				GCC_VERSION = "";
				INFOPLIST_FILE = "Prolixity/Prolixity-Info.plist";
				INSTALL_PATH = "$(LOCAL_APPS_DIR)";
				OTHER_LDFLAGS = "-lstdc++";
				PRODUCT_NAME = "$(TARGET_NAME)";
				TARGETED_DEVICE_FAMILY = "1,2";
				WRAPPER_EXTENSION = app;
			};
			name = Debug;
		};
		6A3A791A12FDE1650016D6AD /* Release */ = {
			isa = XCBuildConfiguration;
			buildSettings = {
				ALWAYS_SEARCH_USER_PATHS = NO;
				ARCHS = "$(ARCHS_STANDARD_32_BIT)";
				COPY_PHASE_STRIP = YES;
				GCC_PRECOMPILE_PREFIX_HEADER = YES;
				GCC_PREFIX_HEADER = "Prolixity/Prolixity-Prefix.pch";
				GCC_VERSION = "";
				INFOPLIST_FILE = "Prolixity/Prolixity-Info.plist";
				INSTALL_PATH = "$(LOCAL_APPS_DIR)";
				OTHER_LDFLAGS = "-lstdc++";
				PRODUCT_NAME = "$(TARGET_NAME)";
				TARGETED_DEVICE_FAMILY = "1,2";
				VALIDATE_PRODUCT = YES;
				WRAPPER_EXTENSION = app;
			};
			name = Release;
		};
		6A3A791C12FDE1650016D6AD /* Debug */ = {
			isa = XCBuildConfiguration;
			buildSettings = {
				ALWAYS_SEARCH_USER_PATHS = NO;
				ARCHS = "$(ARCHS_STANDARD_32_BIT)";
				BUNDLE_LOADER = "$(BUILT_PRODUCTS_DIR)/Prolixity.app/Prolixity";
				FRAMEWORK_SEARCH_PATHS = (
					"$(SDKROOT)/Developer/Library/Frameworks",
					"$(DEVELOPER_LIBRARY_DIR)/Frameworks",
				);
				GCC_PRECOMPILE_PREFIX_HEADER = YES;
				GCC_PREFIX_HEADER = "ProlixityTests/ProlixityTests-Prefix.pch";
				GCC_VERSION = "";
				INFOPLIST_FILE = "ProlixityTests/ProlixityTests-Info.plist";
				OTHER_LDFLAGS = (
					"-framework",
					SenTestingKit,
				);
				PRODUCT_NAME = "$(TARGET_NAME)";
				TEST_HOST = "$(BUNDLE_LOADER)";
				WRAPPER_EXTENSION = octest;
			};
			name = Debug;
		};
		6A3A791D12FDE1650016D6AD /* Release */ = {
			isa = XCBuildConfiguration;
			buildSettings = {
				ALWAYS_SEARCH_USER_PATHS = NO;
				ARCHS = "$(ARCHS_UNIVERSAL_IPHONE_OS)";
				BUNDLE_LOADER = "$(BUILT_PRODUCTS_DIR)/Prolixity.app/Prolixity";
				FRAMEWORK_SEARCH_PATHS = (
					"$(SDKROOT)/Developer/Library/Frameworks",
					"$(DEVELOPER_LIBRARY_DIR)/Frameworks",
				);
				GCC_PRECOMPILE_PREFIX_HEADER = YES;
				GCC_PREFIX_HEADER = "ProlixityTests/ProlixityTests-Prefix.pch";
				GCC_VERSION = "";
				INFOPLIST_FILE = "ProlixityTests/ProlixityTests-Info.plist";
				OTHER_LDFLAGS = (
					"-framework",
					SenTestingKit,
				);
				PRODUCT_NAME = "$(TARGET_NAME)";
				TEST_HOST = "$(BUNDLE_LOADER)";
				WRAPPER_EXTENSION = octest;
			};
			name = Release;
		};
		6A5432E312FDEF950084C7D0 /* Debug */ = {
			isa = XCBuildConfiguration;
			buildSettings = {
				ALWAYS_SEARCH_USER_PATHS = NO;
				ARCHS = "$(ARCHS_STANDARD_32_BIT)";
				DSTROOT = /tmp/PXParser_iOS.dst;
				GCC_PRECOMPILE_PREFIX_HEADER = YES;
				GCC_PREFIX_HEADER = "parser/PXParser_iOS-Prefix.pch";
				GCC_VERSION = "";
				OTHER_LDFLAGS = "-ObjC";
				PRODUCT_NAME = "$(TARGET_NAME)";
			};
			name = Debug;
		};
		6A5432E412FDEF950084C7D0 /* Release */ = {
			isa = XCBuildConfiguration;
			buildSettings = {
				ALWAYS_SEARCH_USER_PATHS = NO;
				ARCHS = "$(ARCHS_STANDARD_32_BIT)";
				DSTROOT = /tmp/PXParser_iOS.dst;
				GCC_PRECOMPILE_PREFIX_HEADER = YES;
				GCC_PREFIX_HEADER = "parser/PXParser_iOS-Prefix.pch";
				GCC_VERSION = "";
				OTHER_LDFLAGS = "-ObjC";
				PRODUCT_NAME = "$(TARGET_NAME)";
			};
			name = Release;
		};
		6ADFF7B41343864E00568AC3 /* Debug */ = {
			isa = XCBuildConfiguration;
			buildSettings = {
				ALWAYS_SEARCH_USER_PATHS = NO;
				ARCHS = "$(ARCHS_STANDARD_32_64_BIT)";
				COPY_PHASE_STRIP = NO;
				DEBUGGING_SYMBOLS = YES;
				GCC_DYNAMIC_NO_PIC = NO;
				GCC_ENABLE_OBJC_EXCEPTIONS = YES;
				GCC_GENERATE_DEBUGGING_SYMBOLS = YES;
				GCC_OPTIMIZATION_LEVEL = 0;
				GCC_SYMBOLS_PRIVATE_EXTERN = NO;
				GCC_VERSION = com.apple.compilers.llvm.clang.1_0;
				GCC_WARN_64_TO_32_BIT_CONVERSION = YES;
				MACOSX_DEPLOYMENT_TARGET = 10.6;
				ONLY_ACTIVE_ARCH = YES;
				OTHER_CFLAGS = "";
				OTHER_LDFLAGS = "";
				PRODUCT_NAME = "$(TARGET_NAME)";
				SDKROOT = macosx;
			};
			name = Debug;
		};
		6ADFF7B51343864E00568AC3 /* Release */ = {
			isa = XCBuildConfiguration;
			buildSettings = {
				ALWAYS_SEARCH_USER_PATHS = NO;
				ARCHS = "$(ARCHS_STANDARD_32_64_BIT)";
				COPY_PHASE_STRIP = YES;
				DEBUG_INFORMATION_FORMAT = "dwarf-with-dsym";
				GCC_ENABLE_OBJC_EXCEPTIONS = YES;
				GCC_VERSION = com.apple.compilers.llvm.clang.1_0;
				GCC_WARN_64_TO_32_BIT_CONVERSION = YES;
				MACOSX_DEPLOYMENT_TARGET = 10.6;
				OTHER_CFLAGS = "";
				OTHER_LDFLAGS = "";
				PRODUCT_NAME = "$(TARGET_NAME)";
				SDKROOT = macosx;
			};
			name = Release;
		};
/* End XCBuildConfiguration section */

/* Begin XCConfigurationList section */
		6A3A78D812FDE1650016D6AD /* Build configuration list for PBXProject "Prolixity" */ = {
			isa = XCConfigurationList;
			buildConfigurations = (
				6A3A791612FDE1650016D6AD /* Debug */,
				6A3A791712FDE1650016D6AD /* Release */,
			);
			defaultConfigurationIsVisible = 0;
			defaultConfigurationName = Release;
		};
		6A3A791812FDE1650016D6AD /* Build configuration list for PBXNativeTarget "Prolixity" */ = {
			isa = XCConfigurationList;
			buildConfigurations = (
				6A3A791912FDE1650016D6AD /* Debug */,
				6A3A791A12FDE1650016D6AD /* Release */,
			);
			defaultConfigurationIsVisible = 0;
			defaultConfigurationName = Release;
		};
		6A3A791B12FDE1650016D6AD /* Build configuration list for PBXNativeTarget "ProlixityTests" */ = {
			isa = XCConfigurationList;
			buildConfigurations = (
				6A3A791C12FDE1650016D6AD /* Debug */,
				6A3A791D12FDE1650016D6AD /* Release */,
			);
			defaultConfigurationIsVisible = 0;
			defaultConfigurationName = Release;
		};
		6A5432E212FDEF950084C7D0 /* Build configuration list for PBXNativeTarget "PXParser-iOS" */ = {
			isa = XCConfigurationList;
			buildConfigurations = (
				6A5432E312FDEF950084C7D0 /* Debug */,
				6A5432E412FDEF950084C7D0 /* Release */,
			);
			defaultConfigurationIsVisible = 0;
			defaultConfigurationName = Release;
		};
		6ADFF7B61343864E00568AC3 /* Build configuration list for PBXLegacyTarget "parser-source" */ = {
			isa = XCConfigurationList;
			buildConfigurations = (
				6ADFF7B41343864E00568AC3 /* Debug */,
				6ADFF7B51343864E00568AC3 /* Release */,
			);
			defaultConfigurationIsVisible = 0;
			defaultConfigurationName = Release;
		};
/* End XCConfigurationList section */
	};
	rootObject = 6A3A78D512FDE1650016D6AD /* Project object */;
}
